<?xml version="1.0" encoding="utf-8"?>
<Project ToolsVersion="4.0" xmlns="http://schemas.microsoft.com/developer/msbuild/2003">
  <ItemGroup>
    <ClCompile Include="CfgFileManager.cpp">
      <Filter>Source Files</Filter>
    </ClCompile>
    <ClCompile Include="Help.cpp">
      <Filter>Source Files</Filter>
    </ClCompile>
    <ClCompile Include="Prerequisites.cpp">
      <Filter>Source Files</Filter>
    </ClCompile>
    <ClCompile Include="DecalsManager.cpp">
      <Filter>Source Files</Filter>
    </ClCompile>
    <ClCompile Include="Hydrax.cpp">
      <Filter>Source Files</Filter>
    </ClCompile>
    <ClCompile Include="RttManager.cpp">
      <Filter>Source Files</Filter>
    </ClCompile>
    <ClCompile Include="Enums.cpp">
      <Filter>Source Files</Filter>
    </ClCompile>
    <ClCompile Include="Image.cpp">
      <Filter>Source Files</Filter>
    </ClCompile>
    <ClCompile Include="TextureManager.cpp">
      <Filter>Source Files</Filter>
    </ClCompile>
    <ClCompile Include="GodRaysManager.cpp">
      <Filter>Source Files</Filter>
    </ClCompile>
    <ClCompile Include="MaterialManager.cpp">
      <Filter>Source Files</Filter>
    </ClCompile>
    <ClCompile Include="GPUNormalMapManager.cpp">
      <Filter>Source Files</Filter>
    </ClCompile>
    <ClCompile Include="Mesh.cpp">
      <Filter>Source Files</Filter>
    </ClCompile>
    <ClCompile Include="Noise\Noise.cpp">
      <Filter>Source Files</Filter>
    </ClCompile>
    <ClCompile Include="Noise\Perlin\Perlin.cpp">
      <Filter>Source Files</Filter>
    </ClCompile>
    <ClCompile Include="Noise\FFT\FFT.cpp">
      <Filter>Source Files</Filter>
    </ClCompile>
    <ClCompile Include="Modules\Module.cpp">
      <Filter>Source Files</Filter>
    </ClCompile>
    <ClCompile Include="Modules\ProjectedGrid\ProjectedGrid.cpp">
      <Filter>Source Files</Filter>
    </ClCompile>
    <ClCompile Include="Modules\RadialGrid\RadialGrid.cpp">
      <Filter>Source Files</Filter>
    </ClCompile>
    <ClCompile Include="Modules\SimpleGrid\SimpleGrid.cpp">
      <Filter>Source Files</Filter>
    </ClCompile>
  </ItemGroup>
  <ItemGroup>
    <ClInclude Include="CfgFileManager.h">
      <Filter>Header Files</Filter>
    </ClInclude>
    <ClInclude Include="GPUNormalMapManager.h">
      <Filter>Header Files</Filter>
    </ClInclude>
    <ClInclude Include="MaterialManager.h">
      <Filter>Header Files</Filter>
    </ClInclude>
    <ClInclude Include="TextureManager.h">
      <Filter>Header Files</Filter>
    </ClInclude>
    <ClInclude Include="DecalsManager.h">
      <Filter>Header Files</Filter>
    </ClInclude>
    <ClInclude Include="Help.h">
      <Filter>Header Files</Filter>
    </ClInclude>
    <ClInclude Include="Mesh.h">
      <Filter>Header Files</Filter>
    </ClInclude>
    <ClInclude Include="Enums.h">
      <Filter>Header Files</Filter>
    </ClInclude>
    <ClInclude Include="Hydrax.h">
      <Filter>Header Files</Filter>
    </ClInclude>
    <ClInclude Include="Prerequisites.h">
      <Filter>Header Files</Filter>
    </ClInclude>
    <ClInclude Include="GodRaysManager.h">
      <Filter>Header Files</Filter>
    </ClInclude>
    <ClInclude Include="Image.h">
      <Filter>Header Files</Filter>
    </ClInclude>
    <ClInclude Include="RttManager.h">
      <Filter>Header Files</Filter>
    </ClInclude>
    <ClInclude Include="Noise\Noise.h">
      <Filter>Header Files</Filter>
    </ClInclude>
    <ClInclude Include="Noise\Perlin\Perlin.h">
      <Filter>Header Files</Filter>
    </ClInclude>
    <ClInclude Include="Noise\FFT\FFT.h">
      <Filter>Header Files</Filter>
    </ClInclude>
    <ClInclude Include="Modules\Module.h">
      <Filter>Header Files</Filter>
    </ClInclude>
    <ClInclude Include="Modules\ProjectedGrid\ProjectedGrid.h">
      <Filter>Header Files</Filter>
    </ClInclude>
    <ClInclude Include="Modules\RadialGrid\RadialGrid.h">
      <Filter>Header Files</Filter>
    </ClInclude>
    <ClInclude Include="Modules\SimpleGrid\SimpleGrid.h">
      <Filter>Header Files</Filter>
    </ClInclude>
  </ItemGroup>
  <ItemGroup>
    <CustomBuild Include="CMakeLists.txt" />
  </ItemGroup>
  <ItemGroup>
    <Filter Include="Source Files">
      <UniqueIdentifier>{A7417598-9AA2-48ED-B586-20E2C1EE31F8}</UniqueIdentifier>
    </Filter>
    <Filter Include="Header Files">
      <UniqueIdentifier>{8BC80BBC-443D-4F74-8D3D-402357907F5B}</UniqueIdentifier>
    </Filter>
  </ItemGroup>
</Project>
