<?xml version="1.0" encoding="utf-8"?>
<Project ToolsVersion="4.0" xmlns="http://schemas.microsoft.com/developer/msbuild/2003">
  <ItemGroup>
    <ClCompile Include="AtmosphereManager.cpp">
      <Filter>Source Files</Filter>
    </ClCompile>
    <ClCompile Include="BasicController.cpp">
      <Filter>Source Files</Filter>
    </ClCompile>
    <ClCompile Include="CloudsManager.cpp">
      <Filter>Source Files</Filter>
    </ClCompile>
    <ClCompile Include="ColorGradient.cpp">
      <Filter>Source Files</Filter>
    </ClCompile>
    <ClCompile Include="GPUManager.cpp">
      <Filter>Source Files</Filter>
    </ClCompile>
    <ClCompile Include="MeshManager.cpp">
      <Filter>Source Files</Filter>
    </ClCompile>
    <ClCompile Include="MoonManager.cpp">
      <Filter>Source Files</Filter>
    </ClCompile>
    <ClCompile Include="Prerequisites.cpp">
      <Filter>Source Files</Filter>
    </ClCompile>
    <ClCompile Include="SkyX.cpp">
      <Filter>Source Files</Filter>
    </ClCompile>
    <ClCompile Include="VCloudsManager.cpp">
      <Filter>Source Files</Filter>
    </ClCompile>
    <ClCompile Include="VClouds\DataManager.cpp">
      <Filter>Source Files</Filter>
    </ClCompile>
    <ClCompile Include="VClouds\Ellipsoid.cpp">
      <Filter>Source Files</Filter>
    </ClCompile>
    <ClCompile Include="VClouds\FastFakeRandom.cpp">
      <Filter>Source Files</Filter>
    </ClCompile>
    <ClCompile Include="VClouds\GeometryBlock.cpp">
      <Filter>Source Files</Filter>
    </ClCompile>
    <ClCompile Include="VClouds\GeometryManager.cpp">
      <Filter>Source Files</Filter>
    </ClCompile>
    <ClCompile Include="VClouds\Lightning.cpp">
      <Filter>Source Files</Filter>
    </ClCompile>
    <ClCompile Include="VClouds\LightningManager.cpp">
      <Filter>Source Files</Filter>
    </ClCompile>
    <ClCompile Include="VClouds\VClouds.cpp">
      <Filter>Source Files</Filter>
    </ClCompile>
  </ItemGroup>
  <ItemGroup>
    <ClInclude Include="AtmosphereManager.h">
      <Filter>Header Files</Filter>
    </ClInclude>
    <ClInclude Include="BasicController.h">
      <Filter>Header Files</Filter>
    </ClInclude>
    <ClInclude Include="CloudsManager.h">
      <Filter>Header Files</Filter>
    </ClInclude>
    <ClInclude Include="ColorGradient.h">
      <Filter>Header Files</Filter>
    </ClInclude>
    <ClInclude Include="Controller.h">
      <Filter>Header Files</Filter>
    </ClInclude>
    <ClInclude Include="GPUManager.h">
      <Filter>Header Files</Filter>
    </ClInclude>
    <ClInclude Include="MeshManager.h">
      <Filter>Header Files</Filter>
    </ClInclude>
    <ClInclude Include="MoonManager.h">
      <Filter>Header Files</Filter>
    </ClInclude>
    <ClInclude Include="Prerequisites.h">
      <Filter>Header Files</Filter>
    </ClInclude>
    <ClInclude Include="SkyX.h">
      <Filter>Header Files</Filter>
    </ClInclude>
    <ClInclude Include="VCloudsManager.h">
      <Filter>Header Files</Filter>
    </ClInclude>
    <ClInclude Include="VClouds\DataManager.h">
      <Filter>Header Files</Filter>
    </ClInclude>
    <ClInclude Include="VClouds\Ellipsoid.h">
      <Filter>Header Files</Filter>
    </ClInclude>
    <ClInclude Include="VClouds\FastFakeRandom.h">
      <Filter>Header Files</Filter>
    </ClInclude>
    <ClInclude Include="VClouds\GeometryBlock.h">
      <Filter>Header Files</Filter>
    </ClInclude>
    <ClInclude Include="VClouds\GeometryManager.h">
      <Filter>Header Files</Filter>
    </ClInclude>
    <ClInclude Include="VClouds\Lightning.h">
      <Filter>Header Files</Filter>
    </ClInclude>
    <ClInclude Include="VClouds\LightningManager.h">
      <Filter>Header Files</Filter>
    </ClInclude>
    <ClInclude Include="VClouds\VClouds.h">
      <Filter>Header Files</Filter>
    </ClInclude>
  </ItemGroup>
  <ItemGroup>
    <CustomBuild Include="CMakeLists.txt" />
  </ItemGroup>
  <ItemGroup>
    <Filter Include="Source Files">
      <UniqueIdentifier>{A7417598-9AA2-48ED-B586-20E2C1EE31F8}</UniqueIdentifier>
    </Filter>
    <Filter Include="Header Files">
      <UniqueIdentifier>{8BC80BBC-443D-4F74-8D3D-402357907F5B}</UniqueIdentifier>
    </Filter>
  </ItemGroup>
</Project>
